// !$*UTF8*$!
{
	archiveVersion = 1;
	classes = {
	};
	objectVersion = 51;
	objects = {

/* Begin PBXBuildFile section */
		0B4D3A852431D5D000FDCD41 /* CloudKit.framework in Frameworks */ = {isa = PBXBuildFile; fileRef = 0B4D3A842431D5D000FDCD41 /* CloudKit.framework */; };
		0B4D3A8724320D9400FDCD41 /* CloudCoreData.swift in Sources */ = {isa = PBXBuildFile; fileRef = 0B4D3A8624320D9400FDCD41 /* CloudCoreData.swift */; };
		0BA7406F23C71B1F001BBBA4 /* AppDelegate.swift in Sources */ = {isa = PBXBuildFile; fileRef = 0BA7406E23C71B1F001BBBA4 /* AppDelegate.swift */; };
		0BA7407623C71B1F001BBBA4 /* Main.storyboard in Resources */ = {isa = PBXBuildFile; fileRef = 0BA7407423C71B1F001BBBA4 /* Main.storyboard */; };
		0BA7407823C71B20001BBBA4 /* Assets.xcassets in Resources */ = {isa = PBXBuildFile; fileRef = 0BA7407723C71B20001BBBA4 /* Assets.xcassets */; };
		0BA7407B23C71B20001BBBA4 /* LaunchScreen.storyboard in Resources */ = {isa = PBXBuildFile; fileRef = 0BA7407923C71B20001BBBA4 /* LaunchScreen.storyboard */; };
		0BA7408323C72BF2001BBBA4 /* VideoViewController.swift in Sources */ = {isa = PBXBuildFile; fileRef = 0BA7408223C72BF2001BBBA4 /* VideoViewController.swift */; };
		0BA7408723C72E5E001BBBA4 /* TabBarController.swift in Sources */ = {isa = PBXBuildFile; fileRef = 0BA7408623C72E5E001BBBA4 /* TabBarController.swift */; };
		0BDEA8D623C750B7003261BB /* FileManagerExtension.swift in Sources */ = {isa = PBXBuildFile; fileRef = 0BDEA8D523C750B7003261BB /* FileManagerExtension.swift */; };
		9796E8AA8857BF2C0905B63E /* Pods_VideoPlayer.framework in Frameworks */ = {isa = PBXBuildFile; fileRef = 7DD6A3D405670C928F7FE361 /* Pods_VideoPlayer.framework */; };
		C5C5306925CAD73C000CDF4A /* MusicRouter.swift in Sources */ = {isa = PBXBuildFile; fileRef = C5C5306825CAD73C000CDF4A /* MusicRouter.swift */; };
		C5C5307125CADB43000CDF4A /* SyncMusicPresenter.swift in Sources */ = {isa = PBXBuildFile; fileRef = C5C5306B25CADB43000CDF4A /* SyncMusicPresenter.swift */; };
		C5C5307425CADB43000CDF4A /* SyncMusicModels.swift in Sources */ = {isa = PBXBuildFile; fileRef = C5C5306E25CADB43000CDF4A /* SyncMusicModels.swift */; };
		C5C5307525CADB43000CDF4A /* SyncMusicViewController.swift in Sources */ = {isa = PBXBuildFile; fileRef = C5C5306F25CADB43000CDF4A /* SyncMusicViewController.swift */; };
		C5C5307625CADB43000CDF4A /* SyncMusicInteractor.swift in Sources */ = {isa = PBXBuildFile; fileRef = C5C5307025CADB43000CDF4A /* SyncMusicInteractor.swift */; };
		C5C5307A25CAE5CC000CDF4A /* loadingSuccessFailSpinner.json in Resources */ = {isa = PBXBuildFile; fileRef = C5C5307925CAE5CC000CDF4A /* loadingSuccessFailSpinner.json */; };
		C5C5307E25CAEF84000CDF4A /* ButtonFabric.swift in Sources */ = {isa = PBXBuildFile; fileRef = C5C5307D25CAEF84000CDF4A /* ButtonFabric.swift */; };
		C5C5308025CBE9EB000CDF4A /* SyncDetailView.xib in Resources */ = {isa = PBXBuildFile; fileRef = C5C5307F25CBE9EB000CDF4A /* SyncDetailView.xib */; };
		C5C5308225CBE9FC000CDF4A /* SyncDetailView.swift in Sources */ = {isa = PBXBuildFile; fileRef = C5C5308125CBE9FC000CDF4A /* SyncDetailView.swift */; };
		C5C5308425CC040F000CDF4A /* ExtensionUIStackView.swift in Sources */ = {isa = PBXBuildFile; fileRef = C5C5308325CC040F000CDF4A /* ExtensionUIStackView.swift */; };
		C5C5308625CC054F000CDF4A /* LoadingAnimationFabric.swift in Sources */ = {isa = PBXBuildFile; fileRef = C5C5308525CC054F000CDF4A /* LoadingAnimationFabric.swift */; };
		C5CF40EF25CC4DEB00BD2D82 /* SyncMusicRouter.swift in Sources */ = {isa = PBXBuildFile; fileRef = C5CF40E925CC4DEB00BD2D82 /* SyncMusicRouter.swift */; };
		C5CF410725CC59AC00BD2D82 /* testPresenter.swift in Sources */ = {isa = PBXBuildFile; fileRef = C5CF410125CC59AC00BD2D82 /* testPresenter.swift */; };
		C5CF410825CC59AC00BD2D82 /* testWorker.swift in Sources */ = {isa = PBXBuildFile; fileRef = C5CF410225CC59AC00BD2D82 /* testWorker.swift */; };
		C5CF410925CC59AC00BD2D82 /* testRouter.swift in Sources */ = {isa = PBXBuildFile; fileRef = C5CF410325CC59AC00BD2D82 /* testRouter.swift */; };
		C5CF410A25CC59AC00BD2D82 /* testModels.swift in Sources */ = {isa = PBXBuildFile; fileRef = C5CF410425CC59AC00BD2D82 /* testModels.swift */; };
		C5CF410B25CC59AC00BD2D82 /* testViewController.swift in Sources */ = {isa = PBXBuildFile; fileRef = C5CF410525CC59AC00BD2D82 /* testViewController.swift */; };
		C5CF410C25CC59AC00BD2D82 /* testInteractor.swift in Sources */ = {isa = PBXBuildFile; fileRef = C5CF410625CC59AC00BD2D82 /* testInteractor.swift */; };
		C5FAC02725AF3FC6006660B2 /* MusicPresenter.swift in Sources */ = {isa = PBXBuildFile; fileRef = C5FAC02125AF3FC6006660B2 /* MusicPresenter.swift */; };
		C5FAC02825AF3FC6006660B2 /* FetchFromLocalStorageWorker.swift in Sources */ = {isa = PBXBuildFile; fileRef = C5FAC02225AF3FC6006660B2 /* FetchFromLocalStorageWorker.swift */; };
		C5FAC02A25AF3FC6006660B2 /* MusicModels.swift in Sources */ = {isa = PBXBuildFile; fileRef = C5FAC02425AF3FC6006660B2 /* MusicModels.swift */; };
		C5FAC02B25AF3FC6006660B2 /* MusicViewController.swift in Sources */ = {isa = PBXBuildFile; fileRef = C5FAC02525AF3FC6006660B2 /* MusicViewController.swift */; };
		C5FAC02C25AF3FC6006660B2 /* MusicInteractor.swift in Sources */ = {isa = PBXBuildFile; fileRef = C5FAC02625AF3FC6006660B2 /* MusicInteractor.swift */; };
		C5FAC02E25B03AFB006660B2 /* PlayMusicWorker.swift in Sources */ = {isa = PBXBuildFile; fileRef = C5FAC02D25B03AFB006660B2 /* PlayMusicWorker.swift */; };
		DE3A81A823E87FCD00468334 /* UIColorExtension.swift in Sources */ = {isa = PBXBuildFile; fileRef = DE3A81A723E87FCD00468334 /* UIColorExtension.swift */; };
		DE3A81AE23E95F6400468334 /* noData.json in Resources */ = {isa = PBXBuildFile; fileRef = DE3A81AD23E95F6400468334 /* noData.json */; };
		DE3A81B023E965C600468334 /* EmptyMusicListView.xib in Resources */ = {isa = PBXBuildFile; fileRef = DE3A81AF23E965C600468334 /* EmptyMusicListView.xib */; };
		DE3A81B223E965D800468334 /* EmptyMusicListView.swift in Sources */ = {isa = PBXBuildFile; fileRef = DE3A81B123E965D800468334 /* EmptyMusicListView.swift */; };
		DE3A81B423E9884000468334 /* AnimatedViewProtocl.swift in Sources */ = {isa = PBXBuildFile; fileRef = DE3A81B323E9884000468334 /* AnimatedViewProtocl.swift */; };
		DE3A81B623EADB4700468334 /* CMTimeExtension.swift in Sources */ = {isa = PBXBuildFile; fileRef = DE3A81B523EADB4700468334 /* CMTimeExtension.swift */; };
		DE3AE3B923F440360017A329 /* CoreDataModel.xcdatamodeld in Sources */ = {isa = PBXBuildFile; fileRef = DE3AE3B723F440360017A329 /* CoreDataModel.xcdatamodeld */; };
		DE3AE40A23F459E80017A329 /* CoreManager.swift in Sources */ = {isa = PBXBuildFile; fileRef = DE3AE40923F459E80017A329 /* CoreManager.swift */; };
		DE470F0D23E3058100269440 /* AbstractMusicVideoViewController.swift in Sources */ = {isa = PBXBuildFile; fileRef = DE470F0C23E3058100269440 /* AbstractMusicVideoViewController.swift */; };
		DE470F1023E46E5900269440 /* emtyPopcornBox.json in Resources */ = {isa = PBXBuildFile; fileRef = DE470F0F23E46E5900269440 /* emtyPopcornBox.json */; };
		DE470F1223E46FE300269440 /* EmptyVideoListView.swift in Sources */ = {isa = PBXBuildFile; fileRef = DE470F1123E46FE300269440 /* EmptyVideoListView.swift */; };
		DE470F1423E46FF700269440 /* EmptyVideoListView.xib in Resources */ = {isa = PBXBuildFile; fileRef = DE470F1323E46FF700269440 /* EmptyVideoListView.xib */; };
		DE470F1623E48E3500269440 /* LoadElementsFromNib.swift in Sources */ = {isa = PBXBuildFile; fileRef = DE470F1523E48E3500269440 /* LoadElementsFromNib.swift */; };
		DE629BED23E1D49B005B87A0 /* OverlayView.swift in Sources */ = {isa = PBXBuildFile; fileRef = DE629BEC23E1D49B005B87A0 /* OverlayView.swift */; };
		DE629BEF23E1D4C3005B87A0 /* CALayerExtension.swift in Sources */ = {isa = PBXBuildFile; fileRef = DE629BEE23E1D4C3005B87A0 /* CALayerExtension.swift */; };
		DE6C7FE423CDD8FC00D2F77C /* VideoAndMusicTableViewCell.swift in Sources */ = {isa = PBXBuildFile; fileRef = DE6C7FE223CDD8FC00D2F77C /* VideoAndMusicTableViewCell.swift */; };
		DE6C7FE523CDD8FC00D2F77C /* VideoAndMusicTableViewCell.xib in Resources */ = {isa = PBXBuildFile; fileRef = DE6C7FE323CDD8FC00D2F77C /* VideoAndMusicTableViewCell.xib */; };
		DE6C7FE723CE0BF300D2F77C /* CustomTableViewDelegate.swift in Sources */ = {isa = PBXBuildFile; fileRef = DE6C7FE623CE0BF300D2F77C /* CustomTableViewDelegate.swift */; };
		DE6C7FE923CE0D1E00D2F77C /* CustomTableViewDataSource.swift in Sources */ = {isa = PBXBuildFile; fileRef = DE6C7FE823CE0D1E00D2F77C /* CustomTableViewDataSource.swift */; };
		DE6C7FED23CE30C200D2F77C /* MusicOrVideoItem.swift in Sources */ = {isa = PBXBuildFile; fileRef = DE6C7FEC23CE30C200D2F77C /* MusicOrVideoItem.swift */; };
		DE6C7FEF23CF097500D2F77C /* UIViewControllerExtension.swift in Sources */ = {isa = PBXBuildFile; fileRef = DE6C7FEE23CF097500D2F77C /* UIViewControllerExtension.swift */; };
		DEC23BA423CF101B007E74FD /* LocalizationManager.swift in Sources */ = {isa = PBXBuildFile; fileRef = DEC23BA323CF101B007E74FD /* LocalizationManager.swift */; };
		DEC23BA623CF112E007E74FD /* ApplicationText.strings in Resources */ = {isa = PBXBuildFile; fileRef = DEC23BA523CF112E007E74FD /* ApplicationText.strings */; };
		DEC23BA923D5C6C8007E74FD /* PlayerView.xib in Resources */ = {isa = PBXBuildFile; fileRef = DEC23BA823D5C6C8007E74FD /* PlayerView.xib */; };
		DEC23BAB23D5C6E1007E74FD /* PlayerView.swift in Sources */ = {isa = PBXBuildFile; fileRef = DEC23BAA23D5C6E1007E74FD /* PlayerView.swift */; };
		DECD06D423EC2B3400FFED0A /* UISliderExtension.swift in Sources */ = {isa = PBXBuildFile; fileRef = DECD06D323EC2B3400FFED0A /* UISliderExtension.swift */; };
		DECD06D623EC3B2D00FFED0A /* TimeIntervalExtension.swift in Sources */ = {isa = PBXBuildFile; fileRef = DECD06D523EC3B2D00FFED0A /* TimeIntervalExtension.swift */; };
/* End PBXBuildFile section */

/* Begin PBXFileReference section */
		0B4D3A842431D5D000FDCD41 /* CloudKit.framework */ = {isa = PBXFileReference; lastKnownFileType = wrapper.framework; name = CloudKit.framework; path = System/Library/Frameworks/CloudKit.framework; sourceTree = SDKROOT; };
		0B4D3A8624320D9400FDCD41 /* CloudCoreData.swift */ = {isa = PBXFileReference; lastKnownFileType = sourcecode.swift; path = CloudCoreData.swift; sourceTree = "<group>"; };
		0BA7406B23C71B1F001BBBA4 /* NIXPlayer.app */ = {isa = PBXFileReference; explicitFileType = wrapper.application; includeInIndex = 0; path = NIXPlayer.app; sourceTree = BUILT_PRODUCTS_DIR; };
		0BA7406E23C71B1F001BBBA4 /* AppDelegate.swift */ = {isa = PBXFileReference; lastKnownFileType = sourcecode.swift; path = AppDelegate.swift; sourceTree = "<group>"; };
		0BA7407523C71B1F001BBBA4 /* Base */ = {isa = PBXFileReference; lastKnownFileType = file.storyboard; name = Base; path = Base.lproj/Main.storyboard; sourceTree = "<group>"; };
		0BA7407723C71B20001BBBA4 /* Assets.xcassets */ = {isa = PBXFileReference; lastKnownFileType = folder.assetcatalog; path = Assets.xcassets; sourceTree = "<group>"; };
		0BA7407A23C71B20001BBBA4 /* Base */ = {isa = PBXFileReference; lastKnownFileType = file.storyboard; name = Base; path = Base.lproj/LaunchScreen.storyboard; sourceTree = "<group>"; };
		0BA7407C23C71B20001BBBA4 /* Info.plist */ = {isa = PBXFileReference; lastKnownFileType = text.plist.xml; path = Info.plist; sourceTree = "<group>"; };
		0BA7408223C72BF2001BBBA4 /* VideoViewController.swift */ = {isa = PBXFileReference; lastKnownFileType = sourcecode.swift; path = VideoViewController.swift; sourceTree = "<group>"; };
		0BA7408623C72E5E001BBBA4 /* TabBarController.swift */ = {isa = PBXFileReference; lastKnownFileType = sourcecode.swift; path = TabBarController.swift; sourceTree = "<group>"; };
		0BDEA8D523C750B7003261BB /* FileManagerExtension.swift */ = {isa = PBXFileReference; lastKnownFileType = sourcecode.swift; path = FileManagerExtension.swift; sourceTree = "<group>"; };
		2DFBBE56230AEC803DD7F8B1 /* Pods-VideoPlayer.release.xcconfig */ = {isa = PBXFileReference; includeInIndex = 1; lastKnownFileType = text.xcconfig; name = "Pods-VideoPlayer.release.xcconfig"; path = "Target Support Files/Pods-VideoPlayer/Pods-VideoPlayer.release.xcconfig"; sourceTree = "<group>"; };
		7DD6A3D405670C928F7FE361 /* Pods_VideoPlayer.framework */ = {isa = PBXFileReference; explicitFileType = wrapper.framework; includeInIndex = 0; path = Pods_VideoPlayer.framework; sourceTree = BUILT_PRODUCTS_DIR; };
		BE93AD494FA9099A5723B19F /* Pods-VideoPlayer.debug.xcconfig */ = {isa = PBXFileReference; includeInIndex = 1; lastKnownFileType = text.xcconfig; name = "Pods-VideoPlayer.debug.xcconfig"; path = "Target Support Files/Pods-VideoPlayer/Pods-VideoPlayer.debug.xcconfig"; sourceTree = "<group>"; };
		C5C5306825CAD73C000CDF4A /* MusicRouter.swift */ = {isa = PBXFileReference; lastKnownFileType = sourcecode.swift; path = MusicRouter.swift; sourceTree = "<group>"; };
		C5C5306B25CADB43000CDF4A /* SyncMusicPresenter.swift */ = {isa = PBXFileReference; lastKnownFileType = sourcecode.swift; path = SyncMusicPresenter.swift; sourceTree = "<group>"; };
		C5C5306E25CADB43000CDF4A /* SyncMusicModels.swift */ = {isa = PBXFileReference; lastKnownFileType = sourcecode.swift; path = SyncMusicModels.swift; sourceTree = "<group>"; };
		C5C5306F25CADB43000CDF4A /* SyncMusicViewController.swift */ = {isa = PBXFileReference; lastKnownFileType = sourcecode.swift; path = SyncMusicViewController.swift; sourceTree = "<group>"; };
		C5C5307025CADB43000CDF4A /* SyncMusicInteractor.swift */ = {isa = PBXFileReference; lastKnownFileType = sourcecode.swift; path = SyncMusicInteractor.swift; sourceTree = "<group>"; };
		C5C5307925CAE5CC000CDF4A /* loadingSuccessFailSpinner.json */ = {isa = PBXFileReference; fileEncoding = 4; lastKnownFileType = text.json; path = loadingSuccessFailSpinner.json; sourceTree = "<group>"; };
		C5C5307D25CAEF84000CDF4A /* ButtonFabric.swift */ = {isa = PBXFileReference; lastKnownFileType = sourcecode.swift; path = ButtonFabric.swift; sourceTree = "<group>"; };
		C5C5307F25CBE9EB000CDF4A /* SyncDetailView.xib */ = {isa = PBXFileReference; lastKnownFileType = file.xib; path = SyncDetailView.xib; sourceTree = "<group>"; };
		C5C5308125CBE9FC000CDF4A /* SyncDetailView.swift */ = {isa = PBXFileReference; lastKnownFileType = sourcecode.swift; path = SyncDetailView.swift; sourceTree = "<group>"; };
		C5C5308325CC040F000CDF4A /* ExtensionUIStackView.swift */ = {isa = PBXFileReference; lastKnownFileType = sourcecode.swift; path = ExtensionUIStackView.swift; sourceTree = "<group>"; };
		C5C5308525CC054F000CDF4A /* LoadingAnimationFabric.swift */ = {isa = PBXFileReference; lastKnownFileType = sourcecode.swift; path = LoadingAnimationFabric.swift; sourceTree = "<group>"; };
		C5CF40E925CC4DEB00BD2D82 /* SyncMusicRouter.swift */ = {isa = PBXFileReference; lastKnownFileType = sourcecode.swift; path = SyncMusicRouter.swift; sourceTree = "<group>"; };
		C5CF410125CC59AC00BD2D82 /* testPresenter.swift */ = {isa = PBXFileReference; lastKnownFileType = sourcecode.swift; path = testPresenter.swift; sourceTree = "<group>"; };
		C5CF410225CC59AC00BD2D82 /* testWorker.swift */ = {isa = PBXFileReference; lastKnownFileType = sourcecode.swift; path = testWorker.swift; sourceTree = "<group>"; };
		C5CF410325CC59AC00BD2D82 /* testRouter.swift */ = {isa = PBXFileReference; lastKnownFileType = sourcecode.swift; path = testRouter.swift; sourceTree = "<group>"; };
		C5CF410425CC59AC00BD2D82 /* testModels.swift */ = {isa = PBXFileReference; lastKnownFileType = sourcecode.swift; path = testModels.swift; sourceTree = "<group>"; };
		C5CF410525CC59AC00BD2D82 /* testViewController.swift */ = {isa = PBXFileReference; lastKnownFileType = sourcecode.swift; path = testViewController.swift; sourceTree = "<group>"; };
		C5CF410625CC59AC00BD2D82 /* testInteractor.swift */ = {isa = PBXFileReference; lastKnownFileType = sourcecode.swift; path = testInteractor.swift; sourceTree = "<group>"; };
		C5FAC02125AF3FC6006660B2 /* MusicPresenter.swift */ = {isa = PBXFileReference; lastKnownFileType = sourcecode.swift; path = MusicPresenter.swift; sourceTree = "<group>"; };
		C5FAC02225AF3FC6006660B2 /* FetchFromLocalStorageWorker.swift */ = {isa = PBXFileReference; lastKnownFileType = sourcecode.swift; path = FetchFromLocalStorageWorker.swift; sourceTree = "<group>"; };
		C5FAC02425AF3FC6006660B2 /* MusicModels.swift */ = {isa = PBXFileReference; lastKnownFileType = sourcecode.swift; path = MusicModels.swift; sourceTree = "<group>"; };
		C5FAC02525AF3FC6006660B2 /* MusicViewController.swift */ = {isa = PBXFileReference; lastKnownFileType = sourcecode.swift; path = MusicViewController.swift; sourceTree = "<group>"; };
		C5FAC02625AF3FC6006660B2 /* MusicInteractor.swift */ = {isa = PBXFileReference; lastKnownFileType = sourcecode.swift; path = MusicInteractor.swift; sourceTree = "<group>"; };
		C5FAC02D25B03AFB006660B2 /* PlayMusicWorker.swift */ = {isa = PBXFileReference; lastKnownFileType = sourcecode.swift; path = PlayMusicWorker.swift; sourceTree = "<group>"; };
		DE3A81A723E87FCD00468334 /* UIColorExtension.swift */ = {isa = PBXFileReference; lastKnownFileType = sourcecode.swift; path = UIColorExtension.swift; sourceTree = "<group>"; };
		DE3A81AD23E95F6400468334 /* noData.json */ = {isa = PBXFileReference; fileEncoding = 4; lastKnownFileType = text.json; path = noData.json; sourceTree = "<group>"; };
		DE3A81AF23E965C600468334 /* EmptyMusicListView.xib */ = {isa = PBXFileReference; lastKnownFileType = file.xib; path = EmptyMusicListView.xib; sourceTree = "<group>"; };
		DE3A81B123E965D800468334 /* EmptyMusicListView.swift */ = {isa = PBXFileReference; lastKnownFileType = sourcecode.swift; path = EmptyMusicListView.swift; sourceTree = "<group>"; };
		DE3A81B323E9884000468334 /* AnimatedViewProtocl.swift */ = {isa = PBXFileReference; lastKnownFileType = sourcecode.swift; path = AnimatedViewProtocl.swift; sourceTree = "<group>"; };
		DE3A81B523EADB4700468334 /* CMTimeExtension.swift */ = {isa = PBXFileReference; lastKnownFileType = sourcecode.swift; path = CMTimeExtension.swift; sourceTree = "<group>"; };
		DE3AE3B823F440360017A329 /* CoreDataModel.xcdatamodel */ = {isa = PBXFileReference; lastKnownFileType = wrapper.xcdatamodel; path = CoreDataModel.xcdatamodel; sourceTree = "<group>"; };
		DE3AE40923F459E80017A329 /* CoreManager.swift */ = {isa = PBXFileReference; lastKnownFileType = sourcecode.swift; path = CoreManager.swift; sourceTree = "<group>"; };
		DE470F0C23E3058100269440 /* AbstractMusicVideoViewController.swift */ = {isa = PBXFileReference; lastKnownFileType = sourcecode.swift; path = AbstractMusicVideoViewController.swift; sourceTree = "<group>"; };
		DE470F0F23E46E5900269440 /* emtyPopcornBox.json */ = {isa = PBXFileReference; fileEncoding = 4; lastKnownFileType = text.json; path = emtyPopcornBox.json; sourceTree = "<group>"; };
		DE470F1123E46FE300269440 /* EmptyVideoListView.swift */ = {isa = PBXFileReference; lastKnownFileType = sourcecode.swift; path = EmptyVideoListView.swift; sourceTree = "<group>"; };
		DE470F1323E46FF700269440 /* EmptyVideoListView.xib */ = {isa = PBXFileReference; lastKnownFileType = file.xib; path = EmptyVideoListView.xib; sourceTree = "<group>"; };
		DE470F1523E48E3500269440 /* LoadElementsFromNib.swift */ = {isa = PBXFileReference; lastKnownFileType = sourcecode.swift; path = LoadElementsFromNib.swift; sourceTree = "<group>"; };
		DE629BEC23E1D49B005B87A0 /* OverlayView.swift */ = {isa = PBXFileReference; lastKnownFileType = sourcecode.swift; path = OverlayView.swift; sourceTree = "<group>"; };
		DE629BEE23E1D4C3005B87A0 /* CALayerExtension.swift */ = {isa = PBXFileReference; lastKnownFileType = sourcecode.swift; path = CALayerExtension.swift; sourceTree = "<group>"; };
		DE6C7FE223CDD8FC00D2F77C /* VideoAndMusicTableViewCell.swift */ = {isa = PBXFileReference; lastKnownFileType = sourcecode.swift; path = VideoAndMusicTableViewCell.swift; sourceTree = "<group>"; };
		DE6C7FE323CDD8FC00D2F77C /* VideoAndMusicTableViewCell.xib */ = {isa = PBXFileReference; lastKnownFileType = file.xib; path = VideoAndMusicTableViewCell.xib; sourceTree = "<group>"; };
		DE6C7FE623CE0BF300D2F77C /* CustomTableViewDelegate.swift */ = {isa = PBXFileReference; lastKnownFileType = sourcecode.swift; path = CustomTableViewDelegate.swift; sourceTree = "<group>"; };
		DE6C7FE823CE0D1E00D2F77C /* CustomTableViewDataSource.swift */ = {isa = PBXFileReference; lastKnownFileType = sourcecode.swift; path = CustomTableViewDataSource.swift; sourceTree = "<group>"; };
		DE6C7FEC23CE30C200D2F77C /* MusicOrVideoItem.swift */ = {isa = PBXFileReference; lastKnownFileType = sourcecode.swift; path = MusicOrVideoItem.swift; sourceTree = "<group>"; };
		DE6C7FEE23CF097500D2F77C /* UIViewControllerExtension.swift */ = {isa = PBXFileReference; lastKnownFileType = sourcecode.swift; path = UIViewControllerExtension.swift; sourceTree = "<group>"; };
		DEC23BA323CF101B007E74FD /* LocalizationManager.swift */ = {isa = PBXFileReference; lastKnownFileType = sourcecode.swift; path = LocalizationManager.swift; sourceTree = "<group>"; };
		DEC23BA523CF112E007E74FD /* ApplicationText.strings */ = {isa = PBXFileReference; lastKnownFileType = text.plist.strings; path = ApplicationText.strings; sourceTree = "<group>"; };
		DEC23BA823D5C6C8007E74FD /* PlayerView.xib */ = {isa = PBXFileReference; lastKnownFileType = file.xib; path = PlayerView.xib; sourceTree = "<group>"; };
		DEC23BAA23D5C6E1007E74FD /* PlayerView.swift */ = {isa = PBXFileReference; lastKnownFileType = sourcecode.swift; path = PlayerView.swift; sourceTree = "<group>"; };
		DECD06D323EC2B3400FFED0A /* UISliderExtension.swift */ = {isa = PBXFileReference; lastKnownFileType = sourcecode.swift; path = UISliderExtension.swift; sourceTree = "<group>"; };
		DECD06D523EC3B2D00FFED0A /* TimeIntervalExtension.swift */ = {isa = PBXFileReference; lastKnownFileType = sourcecode.swift; path = TimeIntervalExtension.swift; sourceTree = "<group>"; };
/* End PBXFileReference section */

/* Begin PBXFrameworksBuildPhase section */
		0BA7406823C71B1F001BBBA4 /* Frameworks */ = {
			isa = PBXFrameworksBuildPhase;
			buildActionMask = 2147483647;
			files = (
				9796E8AA8857BF2C0905B63E /* Pods_VideoPlayer.framework in Frameworks */,
				0B4D3A852431D5D000FDCD41 /* CloudKit.framework in Frameworks */,
			);
			runOnlyForDeploymentPostprocessing = 0;
		};
/* End PBXFrameworksBuildPhase section */

/* Begin PBXGroup section */
		0B8BCB3A23C7463600EDA27F /* Application */ = {
			isa = PBXGroup;
			children = (
				0BA7406E23C71B1F001BBBA4 /* AppDelegate.swift */,
			);
			path = Application;
			sourceTree = "<group>";
		};
		0B8BCB3B23C7464200EDA27F /* Controllers */ = {
			isa = PBXGroup;
			children = (
				C5CF410025CC59A200BD2D82 /* test */,
				C5FAC02025AF3F4C006660B2 /* Music scene */,
				C5C5306A25CAD93C000CDF4A /* Sync scene */,
				0BA7408623C72E5E001BBBA4 /* TabBarController.swift */,
				DE470F0C23E3058100269440 /* AbstractMusicVideoViewController.swift */,
				0BA7408223C72BF2001BBBA4 /* VideoViewController.swift */,
			);
			path = Controllers;
			sourceTree = "<group>";
		};
		0B8BCB3C23C7465800EDA27F /* Resources */ = {
			isa = PBXGroup;
			children = (
				C5C5307C25CAEF74000CDF4A /* Fabrics */,
				DE3AE3BA23F440480017A329 /* CoreData */,
				DE470F0E23E46E4900269440 /* Animations */,
				DEC23BA223CF0FF4007E74FD /* Localization Manager */,
				DE6C7FEB23CE30AF00D2F77C /* Models */,
				DE6C7FEA23CE306E00D2F77C /* Table View delegate and data source */,
				DE6C7FDF23CDD7FD00D2F77C /* nibs */,
				0BDEA8D423C750A5003261BB /* Extension */,
				0B8BCB3D23C7466100EDA27F /* Images */,
				0B8BCB3E23C7466900EDA27F /* Stroyboards */,
				0B8BCB3F23C7467200EDA27F /* Plists */,
			);
			path = Resources;
			sourceTree = "<group>";
		};
		0B8BCB3D23C7466100EDA27F /* Images */ = {
			isa = PBXGroup;
			children = (
				0BA7407723C71B20001BBBA4 /* Assets.xcassets */,
			);
			path = Images;
			sourceTree = "<group>";
		};
		0B8BCB3E23C7466900EDA27F /* Stroyboards */ = {
			isa = PBXGroup;
			children = (
				0BA7407423C71B1F001BBBA4 /* Main.storyboard */,
				0BA7407923C71B20001BBBA4 /* LaunchScreen.storyboard */,
			);
			path = Stroyboards;
			sourceTree = "<group>";
		};
		0B8BCB3F23C7467200EDA27F /* Plists */ = {
			isa = PBXGroup;
			children = (
				0BA7407C23C71B20001BBBA4 /* Info.plist */,
			);
			path = Plists;
			sourceTree = "<group>";
		};
		0BA7406223C71B1F001BBBA4 = {
			isa = PBXGroup;
			children = (
				0BA7406D23C71B1F001BBBA4 /* VideoPlayer */,
				0BA7406C23C71B1F001BBBA4 /* Products */,
				7F73F565B3F3CF1FEEA64C93 /* Pods */,
				7FD3CC5C570E3811A92A1F00 /* Frameworks */,
			);
			sourceTree = "<group>";
		};
		0BA7406C23C71B1F001BBBA4 /* Products */ = {
			isa = PBXGroup;
			children = (
				0BA7406B23C71B1F001BBBA4 /* NIXPlayer.app */,
			);
			name = Products;
			sourceTree = "<group>";
		};
		0BA7406D23C71B1F001BBBA4 /* VideoPlayer */ = {
			isa = PBXGroup;
			children = (
				0B8BCB3A23C7463600EDA27F /* Application */,
				0B8BCB3B23C7464200EDA27F /* Controllers */,
				0B8BCB3C23C7465800EDA27F /* Resources */,
			);
			path = VideoPlayer;
			sourceTree = "<group>";
		};
		0BDEA8D423C750A5003261BB /* Extension */ = {
			isa = PBXGroup;
			children = (
				0BDEA8D523C750B7003261BB /* FileManagerExtension.swift */,
				DE6C7FEE23CF097500D2F77C /* UIViewControllerExtension.swift */,
				DE629BEE23E1D4C3005B87A0 /* CALayerExtension.swift */,
				DE470F1523E48E3500269440 /* LoadElementsFromNib.swift */,
				DE3A81A723E87FCD00468334 /* UIColorExtension.swift */,
				DE3A81B523EADB4700468334 /* CMTimeExtension.swift */,
				DECD06D323EC2B3400FFED0A /* UISliderExtension.swift */,
				DECD06D523EC3B2D00FFED0A /* TimeIntervalExtension.swift */,
				C5C5308325CC040F000CDF4A /* ExtensionUIStackView.swift */,
			);
			path = Extension;
			sourceTree = "<group>";
		};
		7F73F565B3F3CF1FEEA64C93 /* Pods */ = {
			isa = PBXGroup;
			children = (
				BE93AD494FA9099A5723B19F /* Pods-VideoPlayer.debug.xcconfig */,
				2DFBBE56230AEC803DD7F8B1 /* Pods-VideoPlayer.release.xcconfig */,
			);
			path = Pods;
			sourceTree = "<group>";
		};
		7FD3CC5C570E3811A92A1F00 /* Frameworks */ = {
			isa = PBXGroup;
			children = (
				0B4D3A842431D5D000FDCD41 /* CloudKit.framework */,
				7DD6A3D405670C928F7FE361 /* Pods_VideoPlayer.framework */,
			);
			name = Frameworks;
			sourceTree = "<group>";
		};
		C5C5306A25CAD93C000CDF4A /* Sync scene */ = {
			isa = PBXGroup;
			children = (
				C5C5306F25CADB43000CDF4A /* SyncMusicViewController.swift */,
				C5C5307025CADB43000CDF4A /* SyncMusicInteractor.swift */,
				C5C5306B25CADB43000CDF4A /* SyncMusicPresenter.swift */,
				C5C5306E25CADB43000CDF4A /* SyncMusicModels.swift */,
				C5CF40E925CC4DEB00BD2D82 /* SyncMusicRouter.swift */,
				C5FAC02225AF3FC6006660B2 /* FetchFromLocalStorageWorker.swift */,
			);
			path = "Sync scene";
			sourceTree = "<group>";
		};
		C5C5307C25CAEF74000CDF4A /* Fabrics */ = {
			isa = PBXGroup;
			children = (
				C5C5307D25CAEF84000CDF4A /* ButtonFabric.swift */,
				C5C5308525CC054F000CDF4A /* LoadingAnimationFabric.swift */,
			);
			path = Fabrics;
			sourceTree = "<group>";
		};
		C5CF410025CC59A200BD2D82 /* test */ = {
			isa = PBXGroup;
			children = (
				C5CF410125CC59AC00BD2D82 /* testPresenter.swift */,
				C5CF410225CC59AC00BD2D82 /* testWorker.swift */,
				C5CF410325CC59AC00BD2D82 /* testRouter.swift */,
				C5CF410425CC59AC00BD2D82 /* testModels.swift */,
				C5CF410525CC59AC00BD2D82 /* testViewController.swift */,
				C5CF410625CC59AC00BD2D82 /* testInteractor.swift */,
			);
			path = test;
			sourceTree = "<group>";
		};
		C5FAC02025AF3F4C006660B2 /* Music scene */ = {
			isa = PBXGroup;
			children = (
				C5FAC02525AF3FC6006660B2 /* MusicViewController.swift */,
				C5FAC02625AF3FC6006660B2 /* MusicInteractor.swift */,
				C5FAC02125AF3FC6006660B2 /* MusicPresenter.swift */,
				C5FAC02425AF3FC6006660B2 /* MusicModels.swift */,
				C5C5306825CAD73C000CDF4A /* MusicRouter.swift */,
				C5FAC02D25B03AFB006660B2 /* PlayMusicWorker.swift */,
			);
			path = "Music scene";
			sourceTree = "<group>";
		};
		DE3AE3BA23F440480017A329 /* CoreData */ = {
			isa = PBXGroup;
			children = (
				DE3AE3B723F440360017A329 /* CoreDataModel.xcdatamodeld */,
				DE3AE40923F459E80017A329 /* CoreManager.swift */,
				0B4D3A8624320D9400FDCD41 /* CloudCoreData.swift */,
			);
			path = CoreData;
			sourceTree = "<group>";
		};
		DE470F0E23E46E4900269440 /* Animations */ = {
			isa = PBXGroup;
			children = (
				C5C5307925CAE5CC000CDF4A /* loadingSuccessFailSpinner.json */,
				DE3A81AD23E95F6400468334 /* noData.json */,
				DE470F0F23E46E5900269440 /* emtyPopcornBox.json */,
			);
			path = Animations;
			sourceTree = "<group>";
		};
		DE6C7FDF23CDD7FD00D2F77C /* nibs */ = {
			isa = PBXGroup;
			children = (
				DE6C7FE223CDD8FC00D2F77C /* VideoAndMusicTableViewCell.swift */,
				DE6C7FE323CDD8FC00D2F77C /* VideoAndMusicTableViewCell.xib */,
				DEC23BA823D5C6C8007E74FD /* PlayerView.xib */,
				DEC23BAA23D5C6E1007E74FD /* PlayerView.swift */,
				DE470F1123E46FE300269440 /* EmptyVideoListView.swift */,
				DE470F1323E46FF700269440 /* EmptyVideoListView.xib */,
				DE3A81AF23E965C600468334 /* EmptyMusicListView.xib */,
				DE3A81B123E965D800468334 /* EmptyMusicListView.swift */,
				DE3A81B323E9884000468334 /* AnimatedViewProtocl.swift */,
				C5C5307F25CBE9EB000CDF4A /* SyncDetailView.xib */,
				C5C5308125CBE9FC000CDF4A /* SyncDetailView.swift */,
			);
			path = nibs;
			sourceTree = "<group>";
		};
		DE6C7FEA23CE306E00D2F77C /* Table View delegate and data source */ = {
			isa = PBXGroup;
			children = (
				DE6C7FE823CE0D1E00D2F77C /* CustomTableViewDataSource.swift */,
				DE6C7FE623CE0BF300D2F77C /* CustomTableViewDelegate.swift */,
			);
			path = "Table View delegate and data source";
			sourceTree = "<group>";
		};
		DE6C7FEB23CE30AF00D2F77C /* Models */ = {
			isa = PBXGroup;
			children = (
				DE6C7FEC23CE30C200D2F77C /* MusicOrVideoItem.swift */,
				DE629BEC23E1D49B005B87A0 /* OverlayView.swift */,
			);
			path = Models;
			sourceTree = "<group>";
		};
		DEC23BA223CF0FF4007E74FD /* Localization Manager */ = {
			isa = PBXGroup;
			children = (
				DEC23BA323CF101B007E74FD /* LocalizationManager.swift */,
				DEC23BA523CF112E007E74FD /* ApplicationText.strings */,
			);
			path = "Localization Manager";
			sourceTree = "<group>";
		};
/* End PBXGroup section */

/* Begin PBXNativeTarget section */
		0BA7406A23C71B1F001BBBA4 /* VideoPlayer */ = {
			isa = PBXNativeTarget;
			buildConfigurationList = 0BA7407F23C71B20001BBBA4 /* Build configuration list for PBXNativeTarget "VideoPlayer" */;
			buildPhases = (
				E2B4721DE1CD42A705BD7E69 /* [CP] Check Pods Manifest.lock */,
				0BA7406723C71B1F001BBBA4 /* Sources */,
				0BA7406823C71B1F001BBBA4 /* Frameworks */,
				0BA7406923C71B1F001BBBA4 /* Resources */,
				DEC23BA723D19523007E74FD /* ShellScript */,
				0FB048A38CC928BFEACBDE56 /* [CP] Embed Pods Frameworks */,
			);
			buildRules = (
			);
			dependencies = (
			);
			name = VideoPlayer;
			productName = VideoPlayer;
			productReference = 0BA7406B23C71B1F001BBBA4 /* NIXPlayer.app */;
			productType = "com.apple.product-type.application";
		};
/* End PBXNativeTarget section */

/* Begin PBXProject section */
		0BA7406323C71B1F001BBBA4 /* Project object */ = {
			isa = PBXProject;
			attributes = {
				LastSwiftUpdateCheck = 1130;
				LastUpgradeCheck = 1130;
				ORGANIZATIONNAME = "Sergey Pohrebnuak";
				TargetAttributes = {
					0BA7406A23C71B1F001BBBA4 = {
						CreatedOnToolsVersion = 11.3;
					};
				};
			};
			buildConfigurationList = 0BA7406623C71B1F001BBBA4 /* Build configuration list for PBXProject "VideoPlayer" */;
			compatibilityVersion = "Xcode 9.3";
			developmentRegion = en;
			hasScannedForEncodings = 0;
			knownRegions = (
				en,
				Base,
			);
			mainGroup = 0BA7406223C71B1F001BBBA4;
			productRefGroup = 0BA7406C23C71B1F001BBBA4 /* Products */;
			projectDirPath = "";
			projectRoot = "";
			targets = (
				0BA7406A23C71B1F001BBBA4 /* VideoPlayer */,
			);
		};
/* End PBXProject section */

/* Begin PBXResourcesBuildPhase section */
		0BA7406923C71B1F001BBBA4 /* Resources */ = {
			isa = PBXResourcesBuildPhase;
			buildActionMask = 2147483647;
			files = (
				DE3A81AE23E95F6400468334 /* noData.json in Resources */,
				0BA7407B23C71B20001BBBA4 /* LaunchScreen.storyboard in Resources */,
				DEC23BA623CF112E007E74FD /* ApplicationText.strings in Resources */,
				DE470F1023E46E5900269440 /* emtyPopcornBox.json in Resources */,
				C5C5307A25CAE5CC000CDF4A /* loadingSuccessFailSpinner.json in Resources */,
				DE6C7FE523CDD8FC00D2F77C /* VideoAndMusicTableViewCell.xib in Resources */,
				C5C5308025CBE9EB000CDF4A /* SyncDetailView.xib in Resources */,
				DE3A81B023E965C600468334 /* EmptyMusicListView.xib in Resources */,
				DE470F1423E46FF700269440 /* EmptyVideoListView.xib in Resources */,
				0BA7407823C71B20001BBBA4 /* Assets.xcassets in Resources */,
				0BA7407623C71B1F001BBBA4 /* Main.storyboard in Resources */,
				DEC23BA923D5C6C8007E74FD /* PlayerView.xib in Resources */,
			);
			runOnlyForDeploymentPostprocessing = 0;
		};
/* End PBXResourcesBuildPhase section */

/* Begin PBXShellScriptBuildPhase section */
		0FB048A38CC928BFEACBDE56 /* [CP] Embed Pods Frameworks */ = {
			isa = PBXShellScriptBuildPhase;
			buildActionMask = 2147483647;
			files = (
			);
			inputFileListPaths = (
				"${PODS_ROOT}/Target Support Files/Pods-VideoPlayer/Pods-VideoPlayer-frameworks-${CONFIGURATION}-input-files.xcfilelist",
			);
			name = "[CP] Embed Pods Frameworks";
			outputFileListPaths = (
				"${PODS_ROOT}/Target Support Files/Pods-VideoPlayer/Pods-VideoPlayer-frameworks-${CONFIGURATION}-output-files.xcfilelist",
			);
			runOnlyForDeploymentPostprocessing = 0;
			shellPath = /bin/sh;
			shellScript = "\"${PODS_ROOT}/Target Support Files/Pods-VideoPlayer/Pods-VideoPlayer-frameworks.sh\"\n";
			showEnvVarsInLog = 0;
		};
		DEC23BA723D19523007E74FD /* ShellScript */ = {
			isa = PBXShellScriptBuildPhase;
			buildActionMask = 2147483647;
			files = (
			);
			inputFileListPaths = (
			);
			inputPaths = (
			);
			outputFileListPaths = (
			);
			outputPaths = (
			);
			runOnlyForDeploymentPostprocessing = 0;
			shellPath = /bin/sh;
			shellScript = "TAGS=\"TODO:|FIXME:\"\nERRORTAG=\"ERROR:\"\nfind \"${SRCROOT}\" \\( -name \"*.h\" -or -name \"*.m\" -or -name \"*.swift\" \\) -print0 | xargs -0 egrep --with-filename --line-number --only-matching \"($TAGS).*\\$|($ERRORTAG).*\\$\" | perl -p -e \"s/($TAGS)/ warning: \\$1/\" | perl -p -e \"s/($ERRORTAG)/ error: \\$1/\"\n\n";
		};
		E2B4721DE1CD42A705BD7E69 /* [CP] Check Pods Manifest.lock */ = {
			isa = PBXShellScriptBuildPhase;
			buildActionMask = 2147483647;
			files = (
			);
			inputFileListPaths = (
			);
			inputPaths = (
				"${PODS_PODFILE_DIR_PATH}/Podfile.lock",
				"${PODS_ROOT}/Manifest.lock",
			);
			name = "[CP] Check Pods Manifest.lock";
			outputFileListPaths = (
			);
			outputPaths = (
				"$(DERIVED_FILE_DIR)/Pods-VideoPlayer-checkManifestLockResult.txt",
			);
			runOnlyForDeploymentPostprocessing = 0;
			shellPath = /bin/sh;
			shellScript = "diff \"${PODS_PODFILE_DIR_PATH}/Podfile.lock\" \"${PODS_ROOT}/Manifest.lock\" > /dev/null\nif [ $? != 0 ] ; then\n    # print error to STDERR\n    echo \"error: The sandbox is not in sync with the Podfile.lock. Run 'pod install' or update your CocoaPods installation.\" >&2\n    exit 1\nfi\n# This output is used by Xcode 'outputs' to avoid re-running this script phase.\necho \"SUCCESS\" > \"${SCRIPT_OUTPUT_FILE_0}\"\n";
			showEnvVarsInLog = 0;
		};
/* End PBXShellScriptBuildPhase section */

/* Begin PBXSourcesBuildPhase section */
		0BA7406723C71B1F001BBBA4 /* Sources */ = {
			isa = PBXSourcesBuildPhase;
			buildActionMask = 2147483647;
			files = (
				DE470F1223E46FE300269440 /* EmptyVideoListView.swift in Sources */,
				DE470F0D23E3058100269440 /* AbstractMusicVideoViewController.swift in Sources */,
				DEC23BA423CF101B007E74FD /* LocalizationManager.swift in Sources */,
				C5CF410A25CC59AC00BD2D82 /* testModels.swift in Sources */,
				C5C5307625CADB43000CDF4A /* SyncMusicInteractor.swift in Sources */,
				DE6C7FE723CE0BF300D2F77C /* CustomTableViewDelegate.swift in Sources */,
				DE3AE40A23F459E80017A329 /* CoreManager.swift in Sources */,
				C5FAC02725AF3FC6006660B2 /* MusicPresenter.swift in Sources */,
				C5C5307425CADB43000CDF4A /* SyncMusicModels.swift in Sources */,
				C5FAC02B25AF3FC6006660B2 /* MusicViewController.swift in Sources */,
				DE6C7FE423CDD8FC00D2F77C /* VideoAndMusicTableViewCell.swift in Sources */,
				C5CF410725CC59AC00BD2D82 /* testPresenter.swift in Sources */,
				DE3A81B423E9884000468334 /* AnimatedViewProtocl.swift in Sources */,
				DE3AE3B923F440360017A329 /* CoreDataModel.xcdatamodeld in Sources */,
				DE3A81A823E87FCD00468334 /* UIColorExtension.swift in Sources */,
				DEC23BAB23D5C6E1007E74FD /* PlayerView.swift in Sources */,
				C5CF410C25CC59AC00BD2D82 /* testInteractor.swift in Sources */,
				C5CF40EF25CC4DEB00BD2D82 /* SyncMusicRouter.swift in Sources */,
				C5FAC02C25AF3FC6006660B2 /* MusicInteractor.swift in Sources */,
				C5CF410B25CC59AC00BD2D82 /* testViewController.swift in Sources */,
				C5FAC02825AF3FC6006660B2 /* FetchFromLocalStorageWorker.swift in Sources */,
				C5C5307525CADB43000CDF4A /* SyncMusicViewController.swift in Sources */,
				C5C5306925CAD73C000CDF4A /* MusicRouter.swift in Sources */,
				DE470F1623E48E3500269440 /* LoadElementsFromNib.swift in Sources */,
				DE3A81B623EADB4700468334 /* CMTimeExtension.swift in Sources */,
				C5C5307E25CAEF84000CDF4A /* ButtonFabric.swift in Sources */,
				C5CF410825CC59AC00BD2D82 /* testWorker.swift in Sources */,
				DECD06D623EC3B2D00FFED0A /* TimeIntervalExtension.swift in Sources */,
				DECD06D423EC2B3400FFED0A /* UISliderExtension.swift in Sources */,
				DE3A81B223E965D800468334 /* EmptyMusicListView.swift in Sources */,
				C5C5308225CBE9FC000CDF4A /* SyncDetailView.swift in Sources */,
				DE6C7FEF23CF097500D2F77C /* UIViewControllerExtension.swift in Sources */,
				0BDEA8D623C750B7003261BB /* FileManagerExtension.swift in Sources */,
				DE6C7FE923CE0D1E00D2F77C /* CustomTableViewDataSource.swift in Sources */,
				0B4D3A8724320D9400FDCD41 /* CloudCoreData.swift in Sources */,
				C5CF410925CC59AC00BD2D82 /* testRouter.swift in Sources */,
				0BA7408323C72BF2001BBBA4 /* VideoViewController.swift in Sources */,
				C5FAC02A25AF3FC6006660B2 /* MusicModels.swift in Sources */,
				C5C5307125CADB43000CDF4A /* SyncMusicPresenter.swift in Sources */,
				0BA7408723C72E5E001BBBA4 /* TabBarController.swift in Sources */,
				C5C5308425CC040F000CDF4A /* ExtensionUIStackView.swift in Sources */,
				DE629BEF23E1D4C3005B87A0 /* CALayerExtension.swift in Sources */,
				C5FAC02E25B03AFB006660B2 /* PlayMusicWorker.swift in Sources */,
				C5C5308625CC054F000CDF4A /* LoadingAnimationFabric.swift in Sources */,
				DE629BED23E1D49B005B87A0 /* OverlayView.swift in Sources */,
				DE6C7FED23CE30C200D2F77C /* MusicOrVideoItem.swift in Sources */,
				0BA7406F23C71B1F001BBBA4 /* AppDelegate.swift in Sources */,
			);
			runOnlyForDeploymentPostprocessing = 0;
		};
/* End PBXSourcesBuildPhase section */

/* Begin PBXVariantGroup section */
		0BA7407423C71B1F001BBBA4 /* Main.storyboard */ = {
			isa = PBXVariantGroup;
			children = (
				0BA7407523C71B1F001BBBA4 /* Base */,
			);
			name = Main.storyboard;
			sourceTree = "<group>";
		};
		0BA7407923C71B20001BBBA4 /* LaunchScreen.storyboard */ = {
			isa = PBXVariantGroup;
			children = (
				0BA7407A23C71B20001BBBA4 /* Base */,
			);
			name = LaunchScreen.storyboard;
			sourceTree = "<group>";
		};
/* End PBXVariantGroup section */

/* Begin XCBuildConfiguration section */
		0BA7407D23C71B20001BBBA4 /* Debug */ = {
			isa = XCBuildConfiguration;
			buildSettings = {
				ALWAYS_SEARCH_USER_PATHS = NO;
				CLANG_ANALYZER_NONNULL = YES;
				CLANG_ANALYZER_NUMBER_OBJECT_CONVERSION = YES_AGGRESSIVE;
				CLANG_CXX_LANGUAGE_STANDARD = "gnu++14";
				CLANG_CXX_LIBRARY = "libc++";
				CLANG_ENABLE_MODULES = YES;
				CLANG_ENABLE_OBJC_ARC = YES;
				CLANG_ENABLE_OBJC_WEAK = YES;
				CLANG_WARN_BLOCK_CAPTURE_AUTORELEASING = YES;
				CLANG_WARN_BOOL_CONVERSION = YES;
				CLANG_WARN_COMMA = YES;
				CLANG_WARN_CONSTANT_CONVERSION = YES;
				CLANG_WARN_DEPRECATED_OBJC_IMPLEMENTATIONS = YES;
				CLANG_WARN_DIRECT_OBJC_ISA_USAGE = YES_ERROR;
				CLANG_WARN_DOCUMENTATION_COMMENTS = YES;
				CLANG_WARN_EMPTY_BODY = YES;
				CLANG_WARN_ENUM_CONVERSION = YES;
				CLANG_WARN_INFINITE_RECURSION = YES;
				CLANG_WARN_INT_CONVERSION = YES;
				CLANG_WARN_NON_LITERAL_NULL_CONVERSION = YES;
				CLANG_WARN_OBJC_IMPLICIT_RETAIN_SELF = YES;
				CLANG_WARN_OBJC_LITERAL_CONVERSION = YES;
				CLANG_WARN_OBJC_ROOT_CLASS = YES_ERROR;
				CLANG_WARN_RANGE_LOOP_ANALYSIS = YES;
				CLANG_WARN_STRICT_PROTOTYPES = YES;
				CLANG_WARN_SUSPICIOUS_MOVE = YES;
				CLANG_WARN_UNGUARDED_AVAILABILITY = YES_AGGRESSIVE;
				CLANG_WARN_UNREACHABLE_CODE = YES;
				CLANG_WARN__DUPLICATE_METHOD_MATCH = YES;
				COPY_PHASE_STRIP = NO;
				DEBUG_INFORMATION_FORMAT = dwarf;
				ENABLE_STRICT_OBJC_MSGSEND = YES;
				ENABLE_TESTABILITY = YES;
				GCC_C_LANGUAGE_STANDARD = gnu11;
				GCC_DYNAMIC_NO_PIC = NO;
				GCC_NO_COMMON_BLOCKS = YES;
				GCC_OPTIMIZATION_LEVEL = 0;
				GCC_PREPROCESSOR_DEFINITIONS = (
					"DEBUG=1",
					"$(inherited)",
				);
				GCC_WARN_64_TO_32_BIT_CONVERSION = YES;
				GCC_WARN_ABOUT_RETURN_TYPE = YES_ERROR;
				GCC_WARN_UNDECLARED_SELECTOR = YES;
				GCC_WARN_UNINITIALIZED_AUTOS = YES_AGGRESSIVE;
				GCC_WARN_UNUSED_FUNCTION = YES;
				GCC_WARN_UNUSED_VARIABLE = YES;
				IPHONEOS_DEPLOYMENT_TARGET = 11.0;
				MTL_ENABLE_DEBUG_INFO = INCLUDE_SOURCE;
				MTL_FAST_MATH = YES;
				ONLY_ACTIVE_ARCH = YES;
				SDKROOT = iphoneos;
				SWIFT_ACTIVE_COMPILATION_CONDITIONS = DEBUG;
				SWIFT_OPTIMIZATION_LEVEL = "-Onone";
			};
			name = Debug;
		};
		0BA7407E23C71B20001BBBA4 /* Release */ = {
			isa = XCBuildConfiguration;
			buildSettings = {
				ALWAYS_SEARCH_USER_PATHS = NO;
				CLANG_ANALYZER_NONNULL = YES;
				CLANG_ANALYZER_NUMBER_OBJECT_CONVERSION = YES_AGGRESSIVE;
				CLANG_CXX_LANGUAGE_STANDARD = "gnu++14";
				CLANG_CXX_LIBRARY = "libc++";
				CLANG_ENABLE_MODULES = YES;
				CLANG_ENABLE_OBJC_ARC = YES;
				CLANG_ENABLE_OBJC_WEAK = YES;
				CLANG_WARN_BLOCK_CAPTURE_AUTORELEASING = YES;
				CLANG_WARN_BOOL_CONVERSION = YES;
				CLANG_WARN_COMMA = YES;
				CLANG_WARN_CONSTANT_CONVERSION = YES;
				CLANG_WARN_DEPRECATED_OBJC_IMPLEMENTATIONS = YES;
				CLANG_WARN_DIRECT_OBJC_ISA_USAGE = YES_ERROR;
				CLANG_WARN_DOCUMENTATION_COMMENTS = YES;
				CLANG_WARN_EMPTY_BODY = YES;
				CLANG_WARN_ENUM_CONVERSION = YES;
				CLANG_WARN_INFINITE_RECURSION = YES;
				CLANG_WARN_INT_CONVERSION = YES;
				CLANG_WARN_NON_LITERAL_NULL_CONVERSION = YES;
				CLANG_WARN_OBJC_IMPLICIT_RETAIN_SELF = YES;
				CLANG_WARN_OBJC_LITERAL_CONVERSION = YES;
				CLANG_WARN_OBJC_ROOT_CLASS = YES_ERROR;
				CLANG_WARN_RANGE_LOOP_ANALYSIS = YES;
				CLANG_WARN_STRICT_PROTOTYPES = YES;
				CLANG_WARN_SUSPICIOUS_MOVE = YES;
				CLANG_WARN_UNGUARDED_AVAILABILITY = YES_AGGRESSIVE;
				CLANG_WARN_UNREACHABLE_CODE = YES;
				CLANG_WARN__DUPLICATE_METHOD_MATCH = YES;
				COPY_PHASE_STRIP = NO;
				DEBUG_INFORMATION_FORMAT = "dwarf-with-dsym";
				ENABLE_NS_ASSERTIONS = NO;
				ENABLE_STRICT_OBJC_MSGSEND = YES;
				GCC_C_LANGUAGE_STANDARD = gnu11;
				GCC_NO_COMMON_BLOCKS = YES;
				GCC_WARN_64_TO_32_BIT_CONVERSION = YES;
				GCC_WARN_ABOUT_RETURN_TYPE = YES_ERROR;
				GCC_WARN_UNDECLARED_SELECTOR = YES;
				GCC_WARN_UNINITIALIZED_AUTOS = YES_AGGRESSIVE;
				GCC_WARN_UNUSED_FUNCTION = YES;
				GCC_WARN_UNUSED_VARIABLE = YES;
				IPHONEOS_DEPLOYMENT_TARGET = 11.0;
				MTL_ENABLE_DEBUG_INFO = NO;
				MTL_FAST_MATH = YES;
				SDKROOT = iphoneos;
				SWIFT_COMPILATION_MODE = wholemodule;
				SWIFT_OPTIMIZATION_LEVEL = "-O";
				VALIDATE_PRODUCT = YES;
			};
			name = Release;
		};
		0BA7408023C71B20001BBBA4 /* Debug */ = {
			isa = XCBuildConfiguration;
			baseConfigurationReference = BE93AD494FA9099A5723B19F /* Pods-VideoPlayer.debug.xcconfig */;
			buildSettings = {
				ASSETCATALOG_COMPILER_APPICON_NAME = AppIcon;
				CODE_SIGN_ENTITLEMENTS = "";
				CODE_SIGN_IDENTITY = "Apple Development";
				CODE_SIGN_STYLE = Automatic;
				DEVELOPMENT_TEAM = 9B6M85MQ7J;
				INFOPLIST_FILE = "$(SRCROOT)/VideoPlayer/Resources/Plists/Info.plist";
				IPHONEOS_DEPLOYMENT_TARGET = 11.0;
				LD_RUNPATH_SEARCH_PATHS = (
					"$(inherited)",
					"@executable_path/Frameworks",
				);
				PRODUCT_BUNDLE_IDENTIFIER = com.VideoPlayer.SergP;
				PRODUCT_NAME = NIXPlayer;
				PROVISIONING_PROFILE_SPECIFIER = "";
				SWIFT_VERSION = 5.0;
				TARGETED_DEVICE_FAMILY = "1,2";
			};
			name = Debug;
		};
		0BA7408123C71B20001BBBA4 /* Release */ = {
			isa = XCBuildConfiguration;
			baseConfigurationReference = 2DFBBE56230AEC803DD7F8B1 /* Pods-VideoPlayer.release.xcconfig */;
			buildSettings = {
				ASSETCATALOG_COMPILER_APPICON_NAME = AppIcon;
				CODE_SIGN_ENTITLEMENTS = "";
				CODE_SIGN_IDENTITY = "Apple Development";
				CODE_SIGN_STYLE = Automatic;
				DEVELOPMENT_TEAM = 9B6M85MQ7J;
				INFOPLIST_FILE = "$(SRCROOT)/VideoPlayer/Resources/Plists/Info.plist";
				IPHONEOS_DEPLOYMENT_TARGET = 11.0;
				LD_RUNPATH_SEARCH_PATHS = (
					"$(inherited)",
					"@executable_path/Frameworks",
				);
				PRODUCT_BUNDLE_IDENTIFIER = com.VideoPlayer.SergP;
				PRODUCT_NAME = NIXPlayer;
				PROVISIONING_PROFILE_SPECIFIER = "";
				SWIFT_VERSION = 5.0;
				TARGETED_DEVICE_FAMILY = "1,2";
			};
			name = Release;
		};
/* End XCBuildConfiguration section */

/* Begin XCConfigurationList section */
		0BA7406623C71B1F001BBBA4 /* Build configuration list for PBXProject "VideoPlayer" */ = {
			isa = XCConfigurationList;
			buildConfigurations = (
				0BA7407D23C71B20001BBBA4 /* Debug */,
				0BA7407E23C71B20001BBBA4 /* Release */,
			);
			defaultConfigurationIsVisible = 0;
			defaultConfigurationName = Release;
		};
		0BA7407F23C71B20001BBBA4 /* Build configuration list for PBXNativeTarget "VideoPlayer" */ = {
			isa = XCConfigurationList;
			buildConfigurations = (
				0BA7408023C71B20001BBBA4 /* Debug */,
				0BA7408123C71B20001BBBA4 /* Release */,
			);
			defaultConfigurationIsVisible = 0;
			defaultConfigurationName = Release;
		};
/* End XCConfigurationList section */

/* Begin XCVersionGroup section */
		DE3AE3B723F440360017A329 /* CoreDataModel.xcdatamodeld */ = {
			isa = XCVersionGroup;
			children = (
				DE3AE3B823F440360017A329 /* CoreDataModel.xcdatamodel */,
			);
			currentVersion = DE3AE3B823F440360017A329 /* CoreDataModel.xcdatamodel */;
			path = CoreDataModel.xcdatamodeld;
			sourceTree = "<group>";
			versionGroupType = wrapper.xcdatamodel;
		};
/* End XCVersionGroup section */
	};
	rootObject = 0BA7406323C71B1F001BBBA4 /* Project object */;
}
